
Microsoft Visual Studio Solution File, Format Version 12.00
# Visual Studio Version 16
VisualStudioVersion = 16.0.34407.143
MinimumVisualStudioVersion = 10.0.40219.1
Project("{FAE04EC0-301F-11D3-BF4B-00C04F79EFBC}") = "ConstructorSubmission", "ConstructorSubmission\ConstructorSubmission.csproj", "{5937E96C-CD52-4219-9B46-B081006A8D6E}"
EndProject
Global
	GlobalSection(SolutionConfigurationPlatforms) = preSolution
		Debug|Any CPU = Debug|Any CPU
		Release|Any CPU = Release|Any CPU
	EndGlobalSection
	GlobalSection(ProjectConfigurationPlatforms) = postSolution
		{5937E96C-CD52-4219-9B46-B081006A8D6E}.Debug|Any CPU.ActiveCfg = Debug|Any CPU
		{5937E96C-CD52-4219-9B46-B081006A8D6E}.Debug|Any CPU.Build.0 = Debug|Any CPU
		{5937E96C-CD52-4219-9B46-B081006A8D6E}.Release|Any CPU.ActiveCfg = Release|Any CPU
		{5937E96C-CD52-4219-9B46-B081006A8D6E}.Release|Any CPU.Build.0 = Release|Any CPU
	EndGlobalSection
	GlobalSection(SolutionProperties) = preSolution
		HideSolutionNode = FALSE
	EndGlobalSection
	GlobalSection(ExtensibilityGlobals) = postSolution
		SolutionGuid = {ED95AA4A-ED81-4F67-9FBE-312E6E694F3F}
	EndGlobalSection
EndGlobal
