
Microsoft Visual Studio Solution File, Format Version 12.00
# Visual Studio Version 16
VisualStudioVersion = 16.0.34407.143
MinimumVisualStudioVersion = 10.0.40219.1
Project("{FAE04EC0-301F-11D3-BF4B-00C04F79EFBC}") = "LambdaSubmission", "LambdaSubmission\LambdaSubmission.csproj", "{7A0D55D4-B0CC-4064-8F77-6405ABA06B00}"
EndProject
Global
	GlobalSection(SolutionConfigurationPlatforms) = preSolution
		Debug|Any CPU = Debug|Any CPU
		Release|Any CPU = Release|Any CPU
	EndGlobalSection
	GlobalSection(ProjectConfigurationPlatforms) = postSolution
		{7A0D55D4-B0CC-4064-8F77-6405ABA06B00}.Debug|Any CPU.ActiveCfg = Debug|Any CPU
		{7A0D55D4-B0CC-4064-8F77-6405ABA06B00}.Debug|Any CPU.Build.0 = Debug|Any CPU
		{7A0D55D4-B0CC-4064-8F77-6405ABA06B00}.Release|Any CPU.ActiveCfg = Release|Any CPU
		{7A0D55D4-B0CC-4064-8F77-6405ABA06B00}.Release|Any CPU.Build.0 = Release|Any CPU
	EndGlobalSection
	GlobalSection(SolutionProperties) = preSolution
		HideSolutionNode = FALSE
	EndGlobalSection
	GlobalSection(ExtensibilityGlobals) = postSolution
		SolutionGuid = {E95C53C4-89D6-4B80-93A8-A43F3FD79507}
	EndGlobalSection
EndGlobal
