
Microsoft Visual Studio Solution File, Format Version 12.00
# Visual Studio Version 16
VisualStudioVersion = 16.0.34407.143
MinimumVisualStudioVersion = 10.0.40219.1
Project("{FAE04EC0-301F-11D3-BF4B-00C04F79EFBC}") = "Math", "Math\Math.csproj", "{7CC21F1D-FE64-41B5-AE3F-BEF79DDA9BF1}"
EndProject
Global
	GlobalSection(SolutionConfigurationPlatforms) = preSolution
		Debug|Any CPU = Debug|Any CPU
		Release|Any CPU = Release|Any CPU
	EndGlobalSection
	GlobalSection(ProjectConfigurationPlatforms) = postSolution
		{7CC21F1D-FE64-41B5-AE3F-BEF79DDA9BF1}.Debug|Any CPU.ActiveCfg = Debug|Any CPU
		{7CC21F1D-FE64-41B5-AE3F-BEF79DDA9BF1}.Debug|Any CPU.Build.0 = Debug|Any CPU
		{7CC21F1D-FE64-41B5-AE3F-BEF79DDA9BF1}.Release|Any CPU.ActiveCfg = Release|Any CPU
		{7CC21F1D-FE64-41B5-AE3F-BEF79DDA9BF1}.Release|Any CPU.Build.0 = Release|Any CPU
	EndGlobalSection
	GlobalSection(SolutionProperties) = preSolution
		HideSolutionNode = FALSE
	EndGlobalSection
	GlobalSection(ExtensibilityGlobals) = postSolution
		SolutionGuid = {8F670C44-DC41-416B-B9E4-B24937D8C090}
	EndGlobalSection
EndGlobal
