
Microsoft Visual Studio Solution File, Format Version 12.00
# Visual Studio Version 16
VisualStudioVersion = 16.0.34407.143
MinimumVisualStudioVersion = 10.0.40219.1
Project("{FAE04EC0-301F-11D3-BF4B-00C04F79EFBC}") = "Daily Report", "Daily Report\Daily Report.csproj", "{F4EA8D18-6E4E-4A10-8EC8-51D4A68FF0DF}"
EndProject
Global
	GlobalSection(SolutionConfigurationPlatforms) = preSolution
		Debug|Any CPU = Debug|Any CPU
		Release|Any CPU = Release|Any CPU
	EndGlobalSection
	GlobalSection(ProjectConfigurationPlatforms) = postSolution
		{F4EA8D18-6E4E-4A10-8EC8-51D4A68FF0DF}.Debug|Any CPU.ActiveCfg = Debug|Any CPU
		{F4EA8D18-6E4E-4A10-8EC8-51D4A68FF0DF}.Debug|Any CPU.Build.0 = Debug|Any CPU
		{F4EA8D18-6E4E-4A10-8EC8-51D4A68FF0DF}.Release|Any CPU.ActiveCfg = Release|Any CPU
		{F4EA8D18-6E4E-4A10-8EC8-51D4A68FF0DF}.Release|Any CPU.Build.0 = Release|Any CPU
	EndGlobalSection
	GlobalSection(SolutionProperties) = preSolution
		HideSolutionNode = FALSE
	EndGlobalSection
	GlobalSection(ExtensibilityGlobals) = postSolution
		SolutionGuid = {6A927625-D4C4-4193-B384-FE1C35150B71}
	EndGlobalSection
EndGlobal
