
Microsoft Visual Studio Solution File, Format Version 12.00
# Visual Studio Version 16
VisualStudioVersion = 16.0.34407.143
MinimumVisualStudioVersion = 10.0.40219.1
Project("{FAE04EC0-301F-11D3-BF4B-00C04F79EFBC}") = "WebApplication2", "WebApplication2\WebApplication2.csproj", "{57F7CB57-41FE-41A1-8C6E-CF63156A63C5}"
EndProject
Global
	GlobalSection(SolutionConfigurationPlatforms) = preSolution
		Debug|Any CPU = Debug|Any CPU
		Release|Any CPU = Release|Any CPU
	EndGlobalSection
	GlobalSection(ProjectConfigurationPlatforms) = postSolution
		{57F7CB57-41FE-41A1-8C6E-CF63156A63C5}.Debug|Any CPU.ActiveCfg = Debug|Any CPU
		{57F7CB57-41FE-41A1-8C6E-CF63156A63C5}.Debug|Any CPU.Build.0 = Debug|Any CPU
		{57F7CB57-41FE-41A1-8C6E-CF63156A63C5}.Release|Any CPU.ActiveCfg = Release|Any CPU
		{57F7CB57-41FE-41A1-8C6E-CF63156A63C5}.Release|Any CPU.Build.0 = Release|Any CPU
	EndGlobalSection
	GlobalSection(SolutionProperties) = preSolution
		HideSolutionNode = FALSE
	EndGlobalSection
	GlobalSection(ExtensibilityGlobals) = postSolution
		SolutionGuid = {0180FFB7-A68A-42F7-B9DA-69E94A8BC65D}
	EndGlobalSection
EndGlobal
