
Microsoft Visual Studio Solution File, Format Version 12.00
# Visual Studio Version 16
VisualStudioVersion = 16.0.34407.143
MinimumVisualStudioVersion = 10.0.40219.1
Project("{FAE04EC0-301F-11D3-BF4B-00C04F79EFBC}") = "PolymorphismInterface", "PolymorphismInterface\PolymorphismInterface.csproj", "{974D84E0-FB31-43C0-BE7C-66078768CE92}"
EndProject
Global
	GlobalSection(SolutionConfigurationPlatforms) = preSolution
		Debug|Any CPU = Debug|Any CPU
		Release|Any CPU = Release|Any CPU
	EndGlobalSection
	GlobalSection(ProjectConfigurationPlatforms) = postSolution
		{974D84E0-FB31-43C0-BE7C-66078768CE92}.Debug|Any CPU.ActiveCfg = Debug|Any CPU
		{974D84E0-FB31-43C0-BE7C-66078768CE92}.Debug|Any CPU.Build.0 = Debug|Any CPU
		{974D84E0-FB31-43C0-BE7C-66078768CE92}.Release|Any CPU.ActiveCfg = Release|Any CPU
		{974D84E0-FB31-43C0-BE7C-66078768CE92}.Release|Any CPU.Build.0 = Release|Any CPU
	EndGlobalSection
	GlobalSection(SolutionProperties) = preSolution
		HideSolutionNode = FALSE
	EndGlobalSection
	GlobalSection(ExtensibilityGlobals) = postSolution
		SolutionGuid = {3EADCC0C-BC90-4796-BC98-7A83F0DB480D}
	EndGlobalSection
EndGlobal
