
Microsoft Visual Studio Solution File, Format Version 12.00
# Visual Studio Version 16
VisualStudioVersion = 16.0.34407.143
MinimumVisualStudioVersion = 10.0.40219.1
Project("{FAE04EC0-301F-11D3-BF4B-00C04F79EFBC}") = "NewsLetterApp", "NewsLetterApp\NewsLetterApp.csproj", "{D52FFC2F-4605-42CB-85EB-1B16CC8F8A8A}"
EndProject
Global
	GlobalSection(SolutionConfigurationPlatforms) = preSolution
		Debug|Any CPU = Debug|Any CPU
		Release|Any CPU = Release|Any CPU
	EndGlobalSection
	GlobalSection(ProjectConfigurationPlatforms) = postSolution
		{D52FFC2F-4605-42CB-85EB-1B16CC8F8A8A}.Debug|Any CPU.ActiveCfg = Debug|Any CPU
		{D52FFC2F-4605-42CB-85EB-1B16CC8F8A8A}.Debug|Any CPU.Build.0 = Debug|Any CPU
		{D52FFC2F-4605-42CB-85EB-1B16CC8F8A8A}.Release|Any CPU.ActiveCfg = Release|Any CPU
		{D52FFC2F-4605-42CB-85EB-1B16CC8F8A8A}.Release|Any CPU.Build.0 = Release|Any CPU
	EndGlobalSection
	GlobalSection(SolutionProperties) = preSolution
		HideSolutionNode = FALSE
	EndGlobalSection
	GlobalSection(ExtensibilityGlobals) = postSolution
		SolutionGuid = {CF6C9336-99AE-4FF8-836A-5D7C3830E880}
	EndGlobalSection
EndGlobal
